
Microsoft Visual Studio Solution File, Format Version 12.00
# Visual Studio Version 17
VisualStudioVersion = 17.11.35431.28
MinimumVisualStudioVersion = 10.0.40219.1
Project("{FAE04EC0-301F-11D3-BF4B-00C04F79EFBC}") = "TaskManager", "TaskManager\TaskManager\TaskManager.csproj", "{F41BFEBD-D571-464A-9E31-338D50488D48}"
EndProject
Project("{FAE04EC0-301F-11D3-BF4B-00C04F79EFBC}") = "TaskManager.Client", "TaskManager\TaskManager.Client\TaskManager.Client.csproj", "{17D05030-CBFF-4D8B-AF57-60EA86F4247E}"
EndProject
Global
	GlobalSection(SolutionConfigurationPlatforms) = preSolution
		Debug|Any CPU = Debug|Any CPU
		Release|Any CPU = Release|Any CPU
	EndGlobalSection
	GlobalSection(ProjectConfigurationPlatforms) = postSolution
		{F41BFEBD-D571-464A-9E31-338D50488D48}.Debug|Any CPU.ActiveCfg = Debug|Any CPU
		{F41BFEBD-D571-464A-9E31-338D50488D48}.Debug|Any CPU.Build.0 = Debug|Any CPU
		{F41BFEBD-D571-464A-9E31-338D50488D48}.Release|Any CPU.ActiveCfg = Release|Any CPU
		{F41BFEBD-D571-464A-9E31-338D50488D48}.Release|Any CPU.Build.0 = Release|Any CPU
		{17D05030-CBFF-4D8B-AF57-60EA86F4247E}.Debug|Any CPU.ActiveCfg = Debug|Any CPU
		{17D05030-CBFF-4D8B-AF57-60EA86F4247E}.Debug|Any CPU.Build.0 = Debug|Any CPU
		{17D05030-CBFF-4D8B-AF57-60EA86F4247E}.Release|Any CPU.ActiveCfg = Release|Any CPU
		{17D05030-CBFF-4D8B-AF57-60EA86F4247E}.Release|Any CPU.Build.0 = Release|Any CPU
	EndGlobalSection
	GlobalSection(SolutionProperties) = preSolution
		HideSolutionNode = FALSE
	EndGlobalSection
	GlobalSection(ExtensibilityGlobals) = postSolution
		SolutionGuid = {ABA6CF3B-6511-402D-9768-04ED13962360}
	EndGlobalSection
EndGlobal
